
Microsoft Visual Studio Solution File, Format Version 12.00
# Visual Studio Version 17
VisualStudioVersion = 17.2.32602.215
MinimumVisualStudioVersion = 10.0.40219.1
Project("{2150E333-8FDC-42A3-9474-1A3956D46DE8}") = "Learn 100", "Learn 100", "{51607187-A157-4D1D-890F-1C52565EDCC4}"
EndProject
Project("{2150E333-8FDC-42A3-9474-1A3956D46DE8}") = "Learn 200", "Learn 200", "{F11E9D1C-5EBC-4625-A94F-2E53D2EDD770}"
EndProject
Project("{9A19103F-16F7-4668-BE54-9A1E7A4F7556}") = "Application", "Learn_0100\Application\Application.csproj", "{AC71CA24-CD7C-4F45-A92D-24D092B5CA5C}"
EndProject
Project("{9A19103F-16F7-4668-BE54-9A1E7A4F7556}") = "Application", "Learn_0200\Application\Application.csproj", "{B3384534-BC1C-4A3D-A2A9-2C0456A8B41D}"
EndProject
Project("{2150E333-8FDC-42A3-9474-1A3956D46DE8}") = "Shared", "Shared", "{5C1A5DA6-9E59-4704-AF3A-726B4A4F1F93}"
EndProject
Project("{9A19103F-16F7-4668-BE54-9A1E7A4F7556}") = "Dtat", "Shared\Dtat\Dtat.csproj", "{DCA109B8-C7DD-41E2-91B4-CEAE957274AC}"
EndProject
Project("{9A19103F-16F7-4668-BE54-9A1E7A4F7556}") = "Resources", "Shared\Resources\Resources.csproj", "{2F3065FF-1173-4FF0-A389-8530BBD24E31}"
EndProject
Project("{2150E333-8FDC-42A3-9474-1A3956D46DE8}") = "Learn 300", "Learn 300", "{D10BD233-6B67-46D4-92B2-D336719E8B23}"
EndProject
Project("{9A19103F-16F7-4668-BE54-9A1E7A4F7556}") = "Application", "Learn_0300\Application\Application.csproj", "{D9D02872-BE7F-4DEB-9098-CC54114FAF77}"
EndProject
Project("{2150E333-8FDC-42A3-9474-1A3956D46DE8}") = "Learn 400 - LINQ", "Learn 400 - LINQ", "{28033094-0BA3-45CF-9F3E-D6439D22D54D}"
EndProject
Project("{9A19103F-16F7-4668-BE54-9A1E7A4F7556}") = "Application", "Learn_0400\Application\Application.csproj", "{8F2D6CEB-16BC-452C-9D3D-8F1C1BE487DE}"
EndProject
Project("{2150E333-8FDC-42A3-9474-1A3956D46DE8}") = "docs", "docs", "{074A97C1-416A-4B37-9E31-0AFE8474E243}"
	ProjectSection(SolutionItems) = preProject
		docs\Learning_Migrations.docx = docs\Learning_Migrations.docx
	EndProjectSection
EndProject
Global
	GlobalSection(SolutionConfigurationPlatforms) = preSolution
		Debug|Any CPU = Debug|Any CPU
		Release|Any CPU = Release|Any CPU
	EndGlobalSection
	GlobalSection(ProjectConfigurationPlatforms) = postSolution
		{AC71CA24-CD7C-4F45-A92D-24D092B5CA5C}.Debug|Any CPU.ActiveCfg = Debug|Any CPU
		{AC71CA24-CD7C-4F45-A92D-24D092B5CA5C}.Debug|Any CPU.Build.0 = Debug|Any CPU
		{AC71CA24-CD7C-4F45-A92D-24D092B5CA5C}.Release|Any CPU.ActiveCfg = Release|Any CPU
		{AC71CA24-CD7C-4F45-A92D-24D092B5CA5C}.Release|Any CPU.Build.0 = Release|Any CPU
		{B3384534-BC1C-4A3D-A2A9-2C0456A8B41D}.Debug|Any CPU.ActiveCfg = Debug|Any CPU
		{B3384534-BC1C-4A3D-A2A9-2C0456A8B41D}.Debug|Any CPU.Build.0 = Debug|Any CPU
		{B3384534-BC1C-4A3D-A2A9-2C0456A8B41D}.Release|Any CPU.ActiveCfg = Release|Any CPU
		{B3384534-BC1C-4A3D-A2A9-2C0456A8B41D}.Release|Any CPU.Build.0 = Release|Any CPU
		{DCA109B8-C7DD-41E2-91B4-CEAE957274AC}.Debug|Any CPU.ActiveCfg = Debug|Any CPU
		{DCA109B8-C7DD-41E2-91B4-CEAE957274AC}.Debug|Any CPU.Build.0 = Debug|Any CPU
		{DCA109B8-C7DD-41E2-91B4-CEAE957274AC}.Release|Any CPU.ActiveCfg = Release|Any CPU
		{DCA109B8-C7DD-41E2-91B4-CEAE957274AC}.Release|Any CPU.Build.0 = Release|Any CPU
		{2F3065FF-1173-4FF0-A389-8530BBD24E31}.Debug|Any CPU.ActiveCfg = Debug|Any CPU
		{2F3065FF-1173-4FF0-A389-8530BBD24E31}.Debug|Any CPU.Build.0 = Debug|Any CPU
		{2F3065FF-1173-4FF0-A389-8530BBD24E31}.Release|Any CPU.ActiveCfg = Release|Any CPU
		{2F3065FF-1173-4FF0-A389-8530BBD24E31}.Release|Any CPU.Build.0 = Release|Any CPU
		{D9D02872-BE7F-4DEB-9098-CC54114FAF77}.Debug|Any CPU.ActiveCfg = Debug|Any CPU
		{D9D02872-BE7F-4DEB-9098-CC54114FAF77}.Debug|Any CPU.Build.0 = Debug|Any CPU
		{D9D02872-BE7F-4DEB-9098-CC54114FAF77}.Release|Any CPU.ActiveCfg = Release|Any CPU
		{D9D02872-BE7F-4DEB-9098-CC54114FAF77}.Release|Any CPU.Build.0 = Release|Any CPU
		{8F2D6CEB-16BC-452C-9D3D-8F1C1BE487DE}.Debug|Any CPU.ActiveCfg = Debug|Any CPU
		{8F2D6CEB-16BC-452C-9D3D-8F1C1BE487DE}.Debug|Any CPU.Build.0 = Debug|Any CPU
		{8F2D6CEB-16BC-452C-9D3D-8F1C1BE487DE}.Release|Any CPU.ActiveCfg = Release|Any CPU
		{8F2D6CEB-16BC-452C-9D3D-8F1C1BE487DE}.Release|Any CPU.Build.0 = Release|Any CPU
	EndGlobalSection
	GlobalSection(SolutionProperties) = preSolution
		HideSolutionNode = FALSE
	EndGlobalSection
	GlobalSection(NestedProjects) = preSolution
		{AC71CA24-CD7C-4F45-A92D-24D092B5CA5C} = {51607187-A157-4D1D-890F-1C52565EDCC4}
		{B3384534-BC1C-4A3D-A2A9-2C0456A8B41D} = {F11E9D1C-5EBC-4625-A94F-2E53D2EDD770}
		{DCA109B8-C7DD-41E2-91B4-CEAE957274AC} = {5C1A5DA6-9E59-4704-AF3A-726B4A4F1F93}
		{2F3065FF-1173-4FF0-A389-8530BBD24E31} = {5C1A5DA6-9E59-4704-AF3A-726B4A4F1F93}
		{D9D02872-BE7F-4DEB-9098-CC54114FAF77} = {D10BD233-6B67-46D4-92B2-D336719E8B23}
		{8F2D6CEB-16BC-452C-9D3D-8F1C1BE487DE} = {28033094-0BA3-45CF-9F3E-D6439D22D54D}
	EndGlobalSection
	GlobalSection(ExtensibilityGlobals) = postSolution
		SolutionGuid = {B86F9743-EC22-4C94-A3BE-8BFA09344278}
	EndGlobalSection
EndGlobal
